<?xml version="1.0" encoding="UTF-8" standalone="yes" ?>
<CodeBlocks_project_file>
	<FileVersion major="1" minor="6" />
	<Project>
		<Option title="PTLib" />
		<Option makefile_is_custom="1" />
		<Option pch_mode="2" />
		<Option compiler="gcc" />
		<MakeCommands>
			<Build command="$make -f $makefile $target" />
			<CompileFile command="$make -f $makefile $file" />
			<Clean command="$make -f $makefile clean" />
			<DistClean command="$make -f $makefile distclean$target" />
			<AskRebuildNeeded command="$make -q -f $makefile $target" />
			<SilentBuild command="$make -f $makefile $target &gt; $(CMD_NULL)" />
		</MakeCommands>
		<Build>
			<Target title="optnoshared">
				<Option platforms="Unix;" />
				<Option output="obj_linux_x86_64_r/gnugk" prefix_auto="0" extension_auto="0" />
				<Option working_dir="obj_linux_x86_64_r" />
				<Option type="1" />
				<Option compiler="gcc" />
				<Option use_console_runner="0" />
				<Option parameters="-c /home/jan/tmp/2.2/stat.ini" />
				<Compiler>
					<Add directory="${PTLIBDIR}/include" />
					<Add directory="${OPENH323DIR}/include" />
				</Compiler>
				<MakeCommands>
					<Build command="$make -f $makefile $target" />
					<CompileFile command="$make -f $makefile $file" />
					<Clean command="$make -f $makefile clean" />
					<DistClean command="$make -f $makefile distclean$target" />
					<AskRebuildNeeded command="$make -q -f $makefile $target" />
					<SilentBuild command="$make -f $makefile $target &gt; $(CMD_NULL)" />
				</MakeCommands>
			</Target>
			<Target title="debug">
				<Option platforms="Unix;" />
				<Option output="obj_linux_x86_64_d/gnugk" prefix_auto="0" extension_auto="0" />
				<Option working_dir="obj_linux_x86_64_d" />
				<Option type="1" />
				<Option compiler="gcc" />
				<Option use_console_runner="0" />
				<Option parameters="-c /home/jan/tmp/2.2/stat.ini" />
				<Compiler>
					<Add directory="${PTLIBDIR}/include" />
					<Add directory="${OPENH323DIR}/include" />
				</Compiler>
				<MakeCommands>
					<Build command="$make -f $makefile $target" />
					<CompileFile command="$make -f $makefile $file" />
					<Clean command="$make -f $makefile clean" />
					<DistClean command="$make -f $makefile clean" />
					<AskRebuildNeeded command="$make -q -f $makefile $target" />
					<SilentBuild command="$make -f $makefile $target &gt; $(CMD_NULL)" />
				</MakeCommands>
			</Target>
			<Target title="debugnoshared">
				<Option platforms="Unix;" />
				<Option output="obj_linux_x86_64_d_s/gnugk" prefix_auto="0" extension_auto="0" />
				<Option working_dir="obj_linux_x86_64_d_s" />
				<Option type="1" />
				<Option compiler="gcc" />
				<Option use_console_runner="0" />
				<Option parameters="-c /home/jan/tmp/2.2/stat.ini" />
				<Compiler>
					<Add directory="${PTLIBDIR}/include" />
					<Add directory="${OPENH323DIR}/include" />
				</Compiler>
				<MakeCommands>
					<Build command="$make -f $makefile $target" />
					<CompileFile command="$make -f $makefile $file" />
					<Clean command="$make -f $makefile clean" />
					<DistClean command="$make -f $makefile clean" />
					<AskRebuildNeeded command="$make -q -f $makefile $target" />
					<SilentBuild command="$make -f $makefile $target &gt; $(CMD_NULL)" />
				</MakeCommands>
			</Target>
		</Build>
		<Unit filename="include/ptbuildopts.h" />
		<Unit filename="include/ptclib/asnber.h" />
		<Unit filename="include/ptclib/asner.h" />
		<Unit filename="include/ptclib/asnper.h" />
		<Unit filename="include/ptclib/asnxer.h" />
		<Unit filename="include/ptclib/cli.h" />
		<Unit filename="include/ptclib/cypher.h" />
		<Unit filename="include/ptclib/delaychan.h" />
		<Unit filename="include/ptclib/dtmf.h" />
		<Unit filename="include/ptclib/enum.h" />
		<Unit filename="include/ptclib/ftp.h" />
		<Unit filename="include/ptclib/guid.h" />
		<Unit filename="include/ptclib/html.h" />
		<Unit filename="include/ptclib/http.h" />
		<Unit filename="include/ptclib/httpform.h" />
		<Unit filename="include/ptclib/httpsvc.h" />
		<Unit filename="include/ptclib/inetmail.h" />
		<Unit filename="include/ptclib/inetprot.h" />
		<Unit filename="include/ptclib/ipacl.h" />
		<Unit filename="include/ptclib/lua.h" />
		<Unit filename="include/ptclib/memfile.h" />
		<Unit filename="include/ptclib/mime.h" />
		<Unit filename="include/ptclib/modem.h" />
		<Unit filename="include/ptclib/paec.h" />
		<Unit filename="include/ptclib/pasn.h" />
		<Unit filename="include/ptclib/pdns.h" />
		<Unit filename="include/ptclib/pffvdev.h" />
		<Unit filename="include/ptclib/pils.h" />
		<Unit filename="include/ptclib/pldap.h" />
		<Unit filename="include/ptclib/pnat.h" />
		<Unit filename="include/ptclib/podbc.h" />
		<Unit filename="include/ptclib/psasl.h" />
		<Unit filename="include/ptclib/psnmp.h" />
		<Unit filename="include/ptclib/psoap.h" />
		<Unit filename="include/ptclib/psockbun.h" />
		<Unit filename="include/ptclib/pssl.h" />
		<Unit filename="include/ptclib/pstun.h" />
		<Unit filename="include/ptclib/ptts.h" />
		<Unit filename="include/ptclib/pvfiledev.h" />
		<Unit filename="include/ptclib/pvidfile.h" />
		<Unit filename="include/ptclib/pwavfile.h" />
		<Unit filename="include/ptclib/pwavfiledev.h" />
		<Unit filename="include/ptclib/pxml.h" />
		<Unit filename="include/ptclib/pxmlrpc.h" />
		<Unit filename="include/ptclib/pxmlrpcs.h" />
		<Unit filename="include/ptclib/qchannel.h" />
		<Unit filename="include/ptclib/random.h" />
		<Unit filename="include/ptclib/rfc1155.h" />
		<Unit filename="include/ptclib/shttpsvc.h" />
		<Unit filename="include/ptclib/snmp.h" />
		<Unit filename="include/ptclib/socks.h" />
		<Unit filename="include/ptclib/telnet.h" />
		<Unit filename="include/ptclib/threadpool.h" />
		<Unit filename="include/ptclib/url.h" />
		<Unit filename="include/ptclib/vcard.h" />
		<Unit filename="include/ptclib/vsdl.h" />
		<Unit filename="include/ptclib/vxml.h" />
		<Unit filename="include/ptclib/xmpp.h" />
		<Unit filename="include/ptclib/xmpp_c2s.h" />
		<Unit filename="include/ptclib/xmpp_muc.h" />
		<Unit filename="include/ptclib/xmpp_roster.h" />
		<Unit filename="include/ptlib.h" />
		<Unit filename="include/ptlib/MacMainIf.h" />
		<Unit filename="include/ptlib/Nucleus++/ptlib/NucleusDebstrm.h" />
		<Unit filename="include/ptlib/Nucleus++/ptlib/channel.h" />
		<Unit filename="include/ptlib/Nucleus++/ptlib/conchan.h" />
		<Unit filename="include/ptlib/Nucleus++/ptlib/config.h" />
		<Unit filename="include/ptlib/Nucleus++/ptlib/contain.h" />
		<Unit filename="include/ptlib/Nucleus++/ptlib/dynalink.h" />
		<Unit filename="include/ptlib/Nucleus++/ptlib/ethsock.h" />
		<Unit filename="include/ptlib/Nucleus++/ptlib/file.h" />
		<Unit filename="include/ptlib/Nucleus++/ptlib/filepath.h" />
		<Unit filename="include/ptlib/Nucleus++/ptlib/icmpsock.h" />
		<Unit filename="include/ptlib/Nucleus++/ptlib/ipdsock.h" />
		<Unit filename="include/ptlib/Nucleus++/ptlib/ipsock.h" />
		<Unit filename="include/ptlib/Nucleus++/ptlib/mutex.h" />
		<Unit filename="include/ptlib/Nucleus++/ptlib/pdirect.h" />
		<Unit filename="include/ptlib/Nucleus++/ptlib/pipechan.h" />
		<Unit filename="include/ptlib/Nucleus++/ptlib/pmachdep.h" />
		<Unit filename="include/ptlib/Nucleus++/ptlib/pprocess.h" />
		<Unit filename="include/ptlib/Nucleus++/ptlib/ptime.h" />
		<Unit filename="include/ptlib/Nucleus++/ptlib/remconn.h" />
		<Unit filename="include/ptlib/Nucleus++/ptlib/semaphor.h" />
		<Unit filename="include/ptlib/Nucleus++/ptlib/serchan.h" />
		<Unit filename="include/ptlib/Nucleus++/ptlib/sfile.h" />
		<Unit filename="include/ptlib/Nucleus++/ptlib/socket.h" />
		<Unit filename="include/ptlib/Nucleus++/ptlib/sound.h" />
		<Unit filename="include/ptlib/Nucleus++/ptlib/svcproc.h" />
		<Unit filename="include/ptlib/Nucleus++/ptlib/syncpoint.h" />
		<Unit filename="include/ptlib/Nucleus++/ptlib/tcpsock.h" />
		<Unit filename="include/ptlib/Nucleus++/ptlib/textfile.h" />
		<Unit filename="include/ptlib/Nucleus++/ptlib/thread.h" />
		<Unit filename="include/ptlib/Nucleus++/ptlib/timeint.h" />
		<Unit filename="include/ptlib/Nucleus++/ptlib/timer.h" />
		<Unit filename="include/ptlib/Nucleus++/ptlib/udpsock.h" />
		<Unit filename="include/ptlib/args.h" />
		<Unit filename="include/ptlib/array.h" />
		<Unit filename="include/ptlib/channel.h" />
		<Unit filename="include/ptlib/conchan.h" />
		<Unit filename="include/ptlib/config.h" />
		<Unit filename="include/ptlib/contain.h" />
		<Unit filename="include/ptlib/critsec.h" />
		<Unit filename="include/ptlib/dict.h" />
		<Unit filename="include/ptlib/dynalink.h" />
		<Unit filename="include/ptlib/ethsock.h" />
		<Unit filename="include/ptlib/file.h" />
		<Unit filename="include/ptlib/filepath.h" />
		<Unit filename="include/ptlib/icmpsock.h" />
		<Unit filename="include/ptlib/indchan.h" />
		<Unit filename="include/ptlib/int64.h" />
		<Unit filename="include/ptlib/ipdsock.h" />
		<Unit filename="include/ptlib/ipsock.h" />
		<Unit filename="include/ptlib/lists.h" />
		<Unit filename="include/ptlib/mail.h" />
		<Unit filename="include/ptlib/msos/dxtrans.h" />
		<Unit filename="include/ptlib/msos/ptlib/PODBC.h" />
		<Unit filename="include/ptlib/msos/ptlib/addrv6.h" />
		<Unit filename="include/ptlib/msos/ptlib/channel.h" />
		<Unit filename="include/ptlib/msos/ptlib/conchan.h" />
		<Unit filename="include/ptlib/msos/ptlib/config.h" />
		<Unit filename="include/ptlib/msos/ptlib/contain.h" />
		<Unit filename="include/ptlib/msos/ptlib/critsec.h" />
		<Unit filename="include/ptlib/msos/ptlib/debstrm.h" />
		<Unit filename="include/ptlib/msos/ptlib/dynalink.h" />
		<Unit filename="include/ptlib/msos/ptlib/epacket.h" />
		<Unit filename="include/ptlib/msos/ptlib/ethsock.h" />
		<Unit filename="include/ptlib/msos/ptlib/file.h" />
		<Unit filename="include/ptlib/msos/ptlib/filepath.h" />
		<Unit filename="include/ptlib/msos/ptlib/icmpsock.h" />
		<Unit filename="include/ptlib/msos/ptlib/ipdsock.h" />
		<Unit filename="include/ptlib/msos/ptlib/ipsock.h" />
		<Unit filename="include/ptlib/msos/ptlib/ipxsock.h" />
		<Unit filename="include/ptlib/msos/ptlib/mail.h" />
		<Unit filename="include/ptlib/msos/ptlib/mutex.h" />
		<Unit filename="include/ptlib/msos/ptlib/pdirect.h" />
		<Unit filename="include/ptlib/msos/ptlib/pipechan.h" />
		<Unit filename="include/ptlib/msos/ptlib/pprocess.h" />
		<Unit filename="include/ptlib/msos/ptlib/pt_atl.h" />
		<Unit filename="include/ptlib/msos/ptlib/ptime.h" />
		<Unit filename="include/ptlib/msos/ptlib/remconn.h" />
		<Unit filename="include/ptlib/msos/ptlib/semaphor.h" />
		<Unit filename="include/ptlib/msos/ptlib/serchan.h" />
		<Unit filename="include/ptlib/msos/ptlib/sfile.h" />
		<Unit filename="include/ptlib/msos/ptlib/socket.h" />
		<Unit filename="include/ptlib/msos/ptlib/sound.h" />
		<Unit filename="include/ptlib/msos/ptlib/sound_directsound.h" />
		<Unit filename="include/ptlib/msos/ptlib/sound_win32.h" />
		<Unit filename="include/ptlib/msos/ptlib/spxsock.h" />
		<Unit filename="include/ptlib/msos/ptlib/svcproc.h" />
		<Unit filename="include/ptlib/msos/ptlib/syncpoint.h" />
		<Unit filename="include/ptlib/msos/ptlib/tcpsock.h" />
		<Unit filename="include/ptlib/msos/ptlib/textfile.h" />
		<Unit filename="include/ptlib/msos/ptlib/thread.h" />
		<Unit filename="include/ptlib/msos/ptlib/timeint.h" />
		<Unit filename="include/ptlib/msos/ptlib/timer.h" />
		<Unit filename="include/ptlib/msos/ptlib/udpsock.h" />
		<Unit filename="include/ptlib/msos/ptlib/video.h" />
		<Unit filename="include/ptlib/msos/ptlib/videoio.h" />
		<Unit filename="include/ptlib/msos/ptlib/vidinput_app.h" />
		<Unit filename="include/ptlib/msos/unistd.h" />
		<Unit filename="include/ptlib/mutex.h" />
		<Unit filename="include/ptlib/notifier.h" />
		<Unit filename="include/ptlib/notifier_ext.h" />
		<Unit filename="include/ptlib/object.h" />
		<Unit filename="include/ptlib/pdirect.h" />
		<Unit filename="include/ptlib/pfactory.h" />
		<Unit filename="include/ptlib/pipechan.h" />
		<Unit filename="include/ptlib/plugin.h" />
		<Unit filename="include/ptlib/pluginmgr.h" />
		<Unit filename="include/ptlib/pprocess.h" />
		<Unit filename="include/ptlib/psharedptr.h" />
		<Unit filename="include/ptlib/pstring.h" />
		<Unit filename="include/ptlib/psync.h" />
		<Unit filename="include/ptlib/ptime.h" />
		<Unit filename="include/ptlib/qos.h" />
		<Unit filename="include/ptlib/remconn.h" />
		<Unit filename="include/ptlib/safecoll.h" />
		<Unit filename="include/ptlib/semaphor.h" />
		<Unit filename="include/ptlib/serchan.h" />
		<Unit filename="include/ptlib/sfile.h" />
		<Unit filename="include/ptlib/smartptr.h" />
		<Unit filename="include/ptlib/socket.h" />
		<Unit filename="include/ptlib/sockets.h" />
		<Unit filename="include/ptlib/sound.h" />
		<Unit filename="include/ptlib/svcproc.h" />
		<Unit filename="include/ptlib/syncpoint.h" />
		<Unit filename="include/ptlib/syncthrd.h" />
		<Unit filename="include/ptlib/syslog.h" />
		<Unit filename="include/ptlib/tcpsock.h" />
		<Unit filename="include/ptlib/textfile.h" />
		<Unit filename="include/ptlib/thread.h" />
		<Unit filename="include/ptlib/timeint.h" />
		<Unit filename="include/ptlib/timer.h" />
		<Unit filename="include/ptlib/udpsock.h" />
		<Unit filename="include/ptlib/unix/ptlib/beaudio.h" />
		<Unit filename="include/ptlib/unix/ptlib/bevideo.h" />
		<Unit filename="include/ptlib/unix/ptlib/channel.h" />
		<Unit filename="include/ptlib/unix/ptlib/conchan.h" />
		<Unit filename="include/ptlib/unix/ptlib/config.h" />
		<Unit filename="include/ptlib/unix/ptlib/contain.h" />
		<Unit filename="include/ptlib/unix/ptlib/critsec.h" />
		<Unit filename="include/ptlib/unix/ptlib/dynalink.h" />
		<Unit filename="include/ptlib/unix/ptlib/ethsock.h" />
		<Unit filename="include/ptlib/unix/ptlib/file.h" />
		<Unit filename="include/ptlib/unix/ptlib/filepath.h" />
		<Unit filename="include/ptlib/unix/ptlib/icmpsock.h" />
		<Unit filename="include/ptlib/unix/ptlib/ipdsock.h" />
		<Unit filename="include/ptlib/unix/ptlib/ipsock.h" />
		<Unit filename="include/ptlib/unix/ptlib/maccoreaudio.h" />
		<Unit filename="include/ptlib/unix/ptlib/mail.h" />
		<Unit filename="include/ptlib/unix/ptlib/mutex.h" />
		<Unit filename="include/ptlib/unix/ptlib/pdirect.h" />
		<Unit filename="include/ptlib/unix/ptlib/pipechan.h" />
		<Unit filename="include/ptlib/unix/ptlib/pmachdep.h" />
		<Unit filename="include/ptlib/unix/ptlib/pprocess.h" />
		<Unit filename="include/ptlib/unix/ptlib/ptime.h" />
		<Unit filename="include/ptlib/unix/ptlib/remconn.h" />
		<Unit filename="include/ptlib/unix/ptlib/resampler.h" />
		<Unit filename="include/ptlib/unix/ptlib/semaphor.h" />
		<Unit filename="include/ptlib/unix/ptlib/serchan.h" />
		<Unit filename="include/ptlib/unix/ptlib/sfile.h" />
		<Unit filename="include/ptlib/unix/ptlib/shmvideo.h" />
		<Unit filename="include/ptlib/unix/ptlib/socket.h" />
		<Unit filename="include/ptlib/unix/ptlib/sound.h" />
		<Unit filename="include/ptlib/unix/ptlib/svcproc.h" />
		<Unit filename="include/ptlib/unix/ptlib/syncpoint.h" />
		<Unit filename="include/ptlib/unix/ptlib/tcpsock.h" />
		<Unit filename="include/ptlib/unix/ptlib/textfile.h" />
		<Unit filename="include/ptlib/unix/ptlib/thread.h" />
		<Unit filename="include/ptlib/unix/ptlib/timeint.h" />
		<Unit filename="include/ptlib/unix/ptlib/timer.h" />
		<Unit filename="include/ptlib/unix/ptlib/udpsock.h" />
		<Unit filename="include/ptlib/unix/ptlib/video.h" />
		<Unit filename="include/ptlib/vconvert.h" />
		<Unit filename="include/ptlib/video.h" />
		<Unit filename="include/ptlib/videoio.h" />
		<Unit filename="include/ptlib/videoio1394dc.h" />
		<Unit filename="include/ptlib/wm/cegps.h" />
		<Unit filename="include/ptlib/wm/crtdbg.h" />
		<Unit filename="include/ptlib/wm/direct.h" />
		<Unit filename="include/ptlib/wm/errno.h" />
		<Unit filename="include/ptlib/wm/fcntl.h" />
		<Unit filename="include/ptlib/wm/io.h" />
		<Unit filename="include/ptlib/wm/mmsystemx.h" />
		<Unit filename="include/ptlib/wm/nspapi.h" />
		<Unit filename="include/ptlib/wm/process.h" />
		<Unit filename="include/ptlib/wm/share.h" />
		<Unit filename="include/ptlib/wm/signal.h" />
		<Unit filename="include/ptlib/wm/stdlibx.h" />
		<Unit filename="include/ptlib/wm/sys/stat.h" />
		<Unit filename="include/ptlib/wm/sys/types.h" />
		<Unit filename="include/ptlib/wm/sys/utime.h" />
		<Unit filename="include/ptlib/wxstring.h" />
		<Unit filename="src/ptclib/asnber.cxx" />
		<Unit filename="src/ptclib/asner.cxx" />
		<Unit filename="src/ptclib/asnper.cxx" />
		<Unit filename="src/ptclib/asnxer.cxx" />
		<Unit filename="src/ptclib/cli.cxx" />
		<Unit filename="src/ptclib/cypher.cxx" />
		<Unit filename="src/ptclib/delaychan.cxx" />
		<Unit filename="src/ptclib/dtmf.cxx" />
		<Unit filename="src/ptclib/enum.cxx" />
		<Unit filename="src/ptclib/ftp.cxx" />
		<Unit filename="src/ptclib/ftpclnt.cxx" />
		<Unit filename="src/ptclib/ftpsrvr.cxx" />
		<Unit filename="src/ptclib/guid.cxx" />
		<Unit filename="src/ptclib/html.cxx" />
		<Unit filename="src/ptclib/http.cxx" />
		<Unit filename="src/ptclib/httpclnt.cxx" />
		<Unit filename="src/ptclib/httpform.cxx" />
		<Unit filename="src/ptclib/httpsrvr.cxx" />
		<Unit filename="src/ptclib/httpsvc.cxx" />
		<Unit filename="src/ptclib/inetmail.cxx" />
		<Unit filename="src/ptclib/inetprot.cxx" />
		<Unit filename="src/ptclib/ipacl.cxx" />
		<Unit filename="src/ptclib/lua.cxx" />
		<Unit filename="src/ptclib/memfile.cxx" />
		<Unit filename="src/ptclib/modem.cxx" />
		<Unit filename="src/ptclib/pasn.cxx" />
		<Unit filename="src/ptclib/pdns.cxx" />
		<Unit filename="src/ptclib/pffvdev.cxx" />
		<Unit filename="src/ptclib/pils.cxx" />
		<Unit filename="src/ptclib/pldap.cxx" />
		<Unit filename="src/ptclib/pnat.cxx" />
		<Unit filename="src/ptclib/podbc.cxx" />
		<Unit filename="src/ptclib/psasl.cxx" />
		<Unit filename="src/ptclib/psnmp.cxx" />
		<Unit filename="src/ptclib/psoap.cxx" />
		<Unit filename="src/ptclib/psockbun.cxx" />
		<Unit filename="src/ptclib/pssl.cxx" />
		<Unit filename="src/ptclib/pstun.cxx" />
		<Unit filename="src/ptclib/ptts.cxx" />
		<Unit filename="src/ptclib/pvfiledev.cxx" />
		<Unit filename="src/ptclib/pvidfile.cxx" />
		<Unit filename="src/ptclib/pwavfile.cxx" />
		<Unit filename="src/ptclib/pwavfiledev.cxx" />
		<Unit filename="src/ptclib/pxml.cxx" />
		<Unit filename="src/ptclib/pxmlrpc.cxx" />
		<Unit filename="src/ptclib/pxmlrpcs.cxx" />
		<Unit filename="src/ptclib/qchannel.cxx" />
		<Unit filename="src/ptclib/random.cxx" />
		<Unit filename="src/ptclib/rfc1155.cxx" />
		<Unit filename="src/ptclib/shttpsvc.cxx" />
		<Unit filename="src/ptclib/snmp.cxx" />
		<Unit filename="src/ptclib/snmpclnt.cxx" />
		<Unit filename="src/ptclib/snmpserv.cxx" />
		<Unit filename="src/ptclib/socks.cxx" />
		<Unit filename="src/ptclib/speex_echo/arch.h" />
		<Unit filename="src/ptclib/speex_echo/config.h" />
		<Unit filename="src/ptclib/speex_echo/mdf.c">
			<Option compilerVar="CC" />
		</Unit>
		<Unit filename="src/ptclib/speex_echo/misc.c">
			<Option compilerVar="CC" />
		</Unit>
		<Unit filename="src/ptclib/speex_echo/misc.h" />
		<Unit filename="src/ptclib/speex_echo/paec.cxx" />
		<Unit filename="src/ptclib/speex_echo/preprocess.c">
			<Option compilerVar="CC" />
		</Unit>
		<Unit filename="src/ptclib/speex_echo/smallft.c">
			<Option compilerVar="CC" />
		</Unit>
		<Unit filename="src/ptclib/speex_echo/smallft.h" />
		<Unit filename="src/ptclib/speex_echo/speex_echo.h" />
		<Unit filename="src/ptclib/speex_echo/speex_preprocess.h" />
		<Unit filename="src/ptclib/speex_echo/speex_types.h" />
		<Unit filename="src/ptclib/telnet.cxx" />
		<Unit filename="src/ptclib/threadpool.cxx" />
		<Unit filename="src/ptclib/udp.h" />
		<Unit filename="src/ptclib/url.cxx" />
		<Unit filename="src/ptclib/vcard.cxx" />
		<Unit filename="src/ptclib/vsdl.cxx" />
		<Unit filename="src/ptclib/vxml.cxx" />
		<Unit filename="src/ptclib/xmpp.cxx" />
		<Unit filename="src/ptclib/xmpp_c2s.cxx" />
		<Unit filename="src/ptclib/xmpp_muc.cxx" />
		<Unit filename="src/ptclib/xmpp_roster.cxx" />
		<Unit filename="src/ptlib/Nucleus++/NucleusChannel.cxx" />
		<Unit filename="src/ptlib/Nucleus++/NucleusConChan.cxx" />
		<Unit filename="src/ptlib/Nucleus++/NucleusConfig.cxx" />
		<Unit filename="src/ptlib/Nucleus++/NucleusMutex.cxx" />
		<Unit filename="src/ptlib/Nucleus++/NucleusPDirectory.cxx" />
		<Unit filename="src/ptlib/Nucleus++/NucleusPFile.cxx" />
		<Unit filename="src/ptlib/Nucleus++/NucleusPFilePath.cxx" />
		<Unit filename="src/ptlib/Nucleus++/NucleusPTime.cxx" />
		<Unit filename="src/ptlib/Nucleus++/NucleusProcess.cxx" />
		<Unit filename="src/ptlib/Nucleus++/NucleusPtlib.cxx" />
		<Unit filename="src/ptlib/Nucleus++/NucleusSemaphore.cxx" />
		<Unit filename="src/ptlib/Nucleus++/NucleusSoundBite.cxx" />
		<Unit filename="src/ptlib/Nucleus++/NucleusSyncPoint.cxx" />
		<Unit filename="src/ptlib/Nucleus++/NucleusThread.cxx" />
		<Unit filename="src/ptlib/Nucleus++/NucleusTimer.cxx" />
		<Unit filename="src/ptlib/Nucleus++/assert.cxx" />
		<Unit filename="src/ptlib/Nucleus++/socket.cxx" />
		<Unit filename="src/ptlib/common/collect.cxx" />
		<Unit filename="src/ptlib/common/contain.cxx" />
		<Unit filename="src/ptlib/common/getdate.tab.c">
			<Option compilerVar="CC" />
		</Unit>
		<Unit filename="src/ptlib/common/jidctflt.cxx" />
		<Unit filename="src/ptlib/common/notifier_ext.cxx" />
		<Unit filename="src/ptlib/common/object.cxx" />
		<Unit filename="src/ptlib/common/osutils.cxx" />
		<Unit filename="src/ptlib/common/pchannel.cxx" />
		<Unit filename="src/ptlib/common/pconfig.cxx" />
		<Unit filename="src/ptlib/common/pethsock.cxx" />
		<Unit filename="src/ptlib/common/pipechan.cxx" />
		<Unit filename="src/ptlib/common/pluginmgr.cxx" />
		<Unit filename="src/ptlib/common/ptime.cxx" />
		<Unit filename="src/ptlib/common/pvidchan.cxx" />
		<Unit filename="src/ptlib/common/qos.cxx" />
		<Unit filename="src/ptlib/common/regex/cclass.h" />
		<Unit filename="src/ptlib/common/regex/cname.h" />
		<Unit filename="src/ptlib/common/regex/debug.c">
			<Option compilerVar="CC" />
		</Unit>
		<Unit filename="src/ptlib/common/regex/engine.c">
			<Option compilerVar="CC" />
		</Unit>
		<Unit filename="src/ptlib/common/regex/main.c">
			<Option compilerVar="CC" />
		</Unit>
		<Unit filename="src/ptlib/common/regex/regcomp.c">
			<Option compilerVar="CC" />
		</Unit>
		<Unit filename="src/ptlib/common/regex/regerror.c">
			<Option compilerVar="CC" />
		</Unit>
		<Unit filename="src/ptlib/common/regex/regex.h" />
		<Unit filename="src/ptlib/common/regex/regex2.h" />
		<Unit filename="src/ptlib/common/regex/regexec.c">
			<Option compilerVar="CC" />
		</Unit>
		<Unit filename="src/ptlib/common/regex/regfree.c">
			<Option compilerVar="CC" />
		</Unit>
		<Unit filename="src/ptlib/common/regex/split.c">
			<Option compilerVar="CC" />
		</Unit>
		<Unit filename="src/ptlib/common/regex/utils.h" />
		<Unit filename="src/ptlib/common/safecoll.cxx" />
		<Unit filename="src/ptlib/common/serial.cxx" />
		<Unit filename="src/ptlib/common/sfile.cxx" />
		<Unit filename="src/ptlib/common/sockets.cxx" />
		<Unit filename="src/ptlib/common/sound.cxx" />
		<Unit filename="src/ptlib/common/syslog.cxx" />
		<Unit filename="src/ptlib/common/tinyjpeg-internal.h" />
		<Unit filename="src/ptlib/common/tinyjpeg.cxx" />
		<Unit filename="src/ptlib/common/tinyjpeg.h" />
		<Unit filename="src/ptlib/common/vconvert.cxx" />
		<Unit filename="src/ptlib/common/vfakeio.cxx" />
		<Unit filename="src/ptlib/common/videoio.cxx" />
		<Unit filename="src/ptlib/msos/assert.cxx" />
		<Unit filename="src/ptlib/msos/directshow.cxx" />
		<Unit filename="src/ptlib/msos/dllmain.cxx" />
		<Unit filename="src/ptlib/msos/dossock.cxx" />
		<Unit filename="src/ptlib/msos/doswin.cxx" />
		<Unit filename="src/ptlib/msos/epacket.h" />
		<Unit filename="src/ptlib/msos/ethsock.cxx" />
		<Unit filename="src/ptlib/msos/icmp.cxx" />
		<Unit filename="src/ptlib/msos/mail.cxx" />
		<Unit filename="src/ptlib/msos/msdos.cxx" />
		<Unit filename="src/ptlib/msos/mswin.cxx" />
		<Unit filename="src/ptlib/msos/pipe.cxx" />
		<Unit filename="src/ptlib/msos/ptlib.cxx" />
		<Unit filename="src/ptlib/msos/remconn.cxx" />
		<Unit filename="src/ptlib/msos/sound_directsound.cxx" />
		<Unit filename="src/ptlib/msos/sound_win32.cxx" />
		<Unit filename="src/ptlib/msos/svcproc.cxx" />
		<Unit filename="src/ptlib/msos/vfw.cxx" />
		<Unit filename="src/ptlib/msos/vidinput_app.cxx" />
		<Unit filename="src/ptlib/msos/win32.cxx" />
		<Unit filename="src/ptlib/msos/wincfg.cxx" />
		<Unit filename="src/ptlib/msos/winserial.cxx" />
		<Unit filename="src/ptlib/msos/winsock.cxx" />
		<Unit filename="src/ptlib/unix/assert.cxx" />
		<Unit filename="src/ptlib/unix/beaudio.cxx" />
		<Unit filename="src/ptlib/unix/beaudio/AudioFileWriter.h" />
		<Unit filename="src/ptlib/unix/beaudio/BlockFIFO.cxx" />
		<Unit filename="src/ptlib/unix/beaudio/BlockFIFO.h" />
		<Unit filename="src/ptlib/unix/beaudio/MediaRecorder.cxx" />
		<Unit filename="src/ptlib/unix/beaudio/MediaRecorder.h" />
		<Unit filename="src/ptlib/unix/beaudio/MediaRecorderNode.cxx" />
		<Unit filename="src/ptlib/unix/beaudio/MediaRecorderNode.h" />
		<Unit filename="src/ptlib/unix/beaudio/NodeRelease.h" />
		<Unit filename="src/ptlib/unix/beaudio/Resampler.h" />
		<Unit filename="src/ptlib/unix/channel.cxx" />
		<Unit filename="src/ptlib/unix/config.cxx" />
		<Unit filename="src/ptlib/unix/dummyaudio.cxx" />
		<Unit filename="src/ptlib/unix/dummyvideo.cxx" />
		<Unit filename="src/ptlib/unix/maccoreaudio.cxx" />
		<Unit filename="src/ptlib/unix/macosaudio.cxx" />
		<Unit filename="src/ptlib/unix/macosaudio/MacMain.cxx" />
		<Unit filename="src/ptlib/unix/macosaudio/MacMain.h" />
		<Unit filename="src/ptlib/unix/macosaudio/SequenceGrabber.cxx" />
		<Unit filename="src/ptlib/unix/macosaudio/SequenceGrabber.h" />
		<Unit filename="src/ptlib/unix/macosaudio/SoundMangler.cxx" />
		<Unit filename="src/ptlib/unix/macosaudio/SoundMangler.h" />
		<Unit filename="src/ptlib/unix/macosaudio/ringbuffer.cxx" />
		<Unit filename="src/ptlib/unix/macosaudio/ringbuffer.h" />
		<Unit filename="src/ptlib/unix/ossaix.cxx" />
		<Unit filename="src/ptlib/unix/osutil.cxx" />
		<Unit filename="src/ptlib/unix/pipechan.cxx" />
		<Unit filename="src/ptlib/unix/qsa.cxx" />
		<Unit filename="src/ptlib/unix/remconn.cxx" />
		<Unit filename="src/ptlib/unix/serchan.cxx" />
		<Unit filename="src/ptlib/unix/shmvideo.cxx" />
		<Unit filename="src/ptlib/unix/socket.cxx" />
		<Unit filename="src/ptlib/unix/sunaudio.cxx" />
		<Unit filename="src/ptlib/unix/svcproc.cxx" />
		<Unit filename="src/ptlib/unix/switch.cxx" />
		<Unit filename="src/ptlib/unix/tlib.cxx" />
		<Unit filename="src/ptlib/unix/tlibbe.cxx" />
		<Unit filename="src/ptlib/unix/tlibmpthrd.cxx" />
		<Unit filename="src/ptlib/unix/tlibthrd.cxx" />
		<Unit filename="src/ptlib/unix/tlibvx.cxx" />
		<Unit filename="src/ptlib/unix/udll.cxx" />
		<Unit filename="src/ptlib/unix/uerror.h" />
		<Unit filename="src/ptlib/unix/uicmp.cxx" />
		<Unit filename="src/ptlib/unix/video4beos.cxx" />
		<Unit filename="src/ptlib/unix/vxaudio.cxx" />
		<Unit filename="src/ptlib/wm/cegps.cxx" />
		<Unit filename="src/ptlib/wm/mmsystemx.cxx" />
		<Unit filename="src/ptlib/wm/stdlibx.cpp" />
		<Unit filename="src/ptlib/wm/time.cpp" />
		<Extensions>
			<code_completion />
			<debugger />
			<envvars />
		</Extensions>
	</Project>
</CodeBlocks_project_file>
